
Microsoft Visual Studio Solution File, Format Version 12.00
# Visual Studio Version 17
VisualStudioVersion = 17.4.33213.308
MinimumVisualStudioVersion = 10.0.40219.1
Project("{9A19103F-16F7-4668-BE54-9A1E7A4F7556}") = "Shapes", "Shapes\Shapes.csproj", "{6DE39A40-CE23-49D1-A054-3A08A385A4E7}"
EndProject
Project("{9A19103F-16F7-4668-BE54-9A1E7A4F7556}") = "ShapesTests", "ShapesTests\ShapesTests.csproj", "{3E79846D-F5F6-4892-AD69-560EFF512AB6}"
EndProject
Global
	GlobalSection(SolutionConfigurationPlatforms) = preSolution
		Debug|Any CPU = Debug|Any CPU
		Release|Any CPU = Release|Any CPU
	EndGlobalSection
	GlobalSection(ProjectConfigurationPlatforms) = postSolution
		{6DE39A40-CE23-49D1-A054-3A08A385A4E7}.Debug|Any CPU.ActiveCfg = Debug|Any CPU
		{6DE39A40-CE23-49D1-A054-3A08A385A4E7}.Debug|Any CPU.Build.0 = Debug|Any CPU
		{6DE39A40-CE23-49D1-A054-3A08A385A4E7}.Release|Any CPU.ActiveCfg = Release|Any CPU
		{6DE39A40-CE23-49D1-A054-3A08A385A4E7}.Release|Any CPU.Build.0 = Release|Any CPU
		{3E79846D-F5F6-4892-AD69-560EFF512AB6}.Debug|Any CPU.ActiveCfg = Debug|Any CPU
		{3E79846D-F5F6-4892-AD69-560EFF512AB6}.Debug|Any CPU.Build.0 = Debug|Any CPU
		{3E79846D-F5F6-4892-AD69-560EFF512AB6}.Release|Any CPU.ActiveCfg = Release|Any CPU
		{3E79846D-F5F6-4892-AD69-560EFF512AB6}.Release|Any CPU.Build.0 = Release|Any CPU
	EndGlobalSection
	GlobalSection(SolutionProperties) = preSolution
		HideSolutionNode = FALSE
	EndGlobalSection
	GlobalSection(ExtensibilityGlobals) = postSolution
		SolutionGuid = {E4144846-A8E1-47C8-B6CD-B8385F62C171}
	EndGlobalSection
EndGlobal
